// !$*UTF8*$!
{
	archiveVersion = 1;
	classes = {
	};
	objectVersion = 77;
	objects = {

/* Begin PBXBuildFile section */
		C63EE58C2E3A5A930017EF96 /* FirebaseAnalytics in Frameworks */ = {isa = PBXBuildFile; productRef = C63EE58B2E3A5A930017EF96 /* FirebaseAnalytics */; };
		C63EE58E2E3A5A930017EF96 /* FirebaseAnalyticsCore in Frameworks */ = {isa = PBXBuildFile; productRef = C63EE58D2E3A5A930017EF96 /* FirebaseAnalyticsCore */; };
		C63EE5902E3A5A930017EF96 /* FirebaseAuth in Frameworks */ = {isa = PBXBuildFile; productRef = C63EE58F2E3A5A930017EF96 /* FirebaseAuth */; };
		C63EE5922E3A5A930017EF96 /* FirebaseAuthCombine-Community in Frameworks */ = {isa = PBXBuildFile; productRef = C63EE5912E3A5A930017EF96 /* FirebaseAuthCombine-Community */; };
		C63EE5942E3A5A930017EF96 /* FirebaseCore in Frameworks */ = {isa = PBXBuildFile; productRef = C63EE5932E3A5A930017EF96 /* FirebaseCore */; };
		C63EE5962E3A5A930017EF96 /* FirebaseDatabase in Frameworks */ = {isa = PBXBuildFile; productRef = C63EE5952E3A5A930017EF96 /* FirebaseDatabase */; };
		C63EE5982E3A5A930017EF96 /* FirebaseFirestore in Frameworks */ = {isa = PBXBuildFile; productRef = C63EE5972E3A5A930017EF96 /* FirebaseFirestore */; };
		C63EE59A2E3A5A930017EF96 /* FirebaseStorage in Frameworks */ = {isa = PBXBuildFile; productRef = C63EE5992E3A5A930017EF96 /* FirebaseStorage */; };
		C63EE5EE2E3A5E610017EF96 /* GoogleSignIn in Frameworks */ = {isa = PBXBuildFile; productRef = C63EE5ED2E3A5E610017EF96 /* GoogleSignIn */; };
		C63EE5F02E3A5E610017EF96 /* GoogleSignInSwift in Frameworks */ = {isa = PBXBuildFile; productRef = C63EE5EF2E3A5E610017EF96 /* GoogleSignInSwift */; };
		C63EE5F32E3A5EAD0017EF96 /* FacebookCore in Frameworks */ = {isa = PBXBuildFile; productRef = C63EE5F22E3A5EAD0017EF96 /* FacebookCore */; };
		C63EE5F52E3A5EAD0017EF96 /* FacebookLogin in Frameworks */ = {isa = PBXBuildFile; productRef = C63EE5F42E3A5EAD0017EF96 /* FacebookLogin */; };
/* End PBXBuildFile section */

/* Begin PBXContainerItemProxy section */
		C6B21EB52E5B5B8A00FEA428 /* PBXContainerItemProxy */ = {
			isa = PBXContainerItemProxy;
			containerPortal = C63EE5702E3A5A010017EF96 /* Project object */;
			proxyType = 1;
			remoteGlobalIDString = C63EE5772E3A5A010017EF96;
			remoteInfo = myFinalProject;
		};
/* End PBXContainerItemProxy section */

/* Begin PBXFileReference section */
		C63EE5782E3A5A010017EF96 /* myFinalProject.app */ = {isa = PBXFileReference; explicitFileType = wrapper.application; includeInIndex = 0; path = myFinalProject.app; sourceTree = BUILT_PRODUCTS_DIR; };
		C6B21EAF2E5B5B8A00FEA428 /* myFinalProjectTests.xctest */ = {isa = PBXFileReference; explicitFileType = wrapper.cfbundle; includeInIndex = 0; path = myFinalProjectTests.xctest; sourceTree = BUILT_PRODUCTS_DIR; };
/* End PBXFileReference section */

/* Begin PBXFileSystemSynchronizedBuildFileExceptionSet section */
		C63EE5FD2E3A660A0017EF96 /* Exceptions for "myFinalProject" folder in "myFinalProject" target */ = {
			isa = PBXFileSystemSynchronizedBuildFileExceptionSet;
			membershipExceptions = (
				firebase.json,
				Info.plist,
			);
			target = C63EE5772E3A5A010017EF96 /* myFinalProject */;
		};
/* End PBXFileSystemSynchronizedBuildFileExceptionSet section */

/* Begin PBXFileSystemSynchronizedRootGroup section */
		C63EE57A2E3A5A010017EF96 /* myFinalProject */ = {
			isa = PBXFileSystemSynchronizedRootGroup;
			exceptions = (
				C63EE5FD2E3A660A0017EF96 /* Exceptions for "myFinalProject" folder in "myFinalProject" target */,
			);
			path = myFinalProject;
			sourceTree = "<group>";
		};
		C6B21EB02E5B5B8A00FEA428 /* myFinalProjectTests */ = {
			isa = PBXFileSystemSynchronizedRootGroup;
			path = myFinalProjectTests;
			sourceTree = "<group>";
		};
/* End PBXFileSystemSynchronizedRootGroup section */

/* Begin PBXFrameworksBuildPhase section */
		C63EE5752E3A5A010017EF96 /* Frameworks */ = {
			isa = PBXFrameworksBuildPhase;
			buildActionMask = 2147483647;
			files = (
				C63EE5962E3A5A930017EF96 /* FirebaseDatabase in Frameworks */,
				C63EE58C2E3A5A930017EF96 /* FirebaseAnalytics in Frameworks */,
				C63EE5942E3A5A930017EF96 /* FirebaseCore in Frameworks */,
				C63EE5902E3A5A930017EF96 /* FirebaseAuth in Frameworks */,
				C63EE5F32E3A5EAD0017EF96 /* FacebookCore in Frameworks */,
				C63EE58E2E3A5A930017EF96 /* FirebaseAnalyticsCore in Frameworks */,
				C63EE5F02E3A5E610017EF96 /* GoogleSignInSwift in Frameworks */,
				C63EE59A2E3A5A930017EF96 /* FirebaseStorage in Frameworks */,
				C63EE5F52E3A5EAD0017EF96 /* FacebookLogin in Frameworks */,
				C63EE5922E3A5A930017EF96 /* FirebaseAuthCombine-Community in Frameworks */,
				C63EE5982E3A5A930017EF96 /* FirebaseFirestore in Frameworks */,
				C63EE5EE2E3A5E610017EF96 /* GoogleSignIn in Frameworks */,
			);
			runOnlyForDeploymentPostprocessing = 0;
		};
		C6B21EAC2E5B5B8A00FEA428 /* Frameworks */ = {
			isa = PBXFrameworksBuildPhase;
			buildActionMask = 2147483647;
			files = (
			);
			runOnlyForDeploymentPostprocessing = 0;
		};
/* End PBXFrameworksBuildPhase section */

/* Begin PBXGroup section */
		C63EE56F2E3A5A010017EF96 = {
			isa = PBXGroup;
			children = (
				C63EE57A2E3A5A010017EF96 /* myFinalProject */,
				C6B21EB02E5B5B8A00FEA428 /* myFinalProjectTests */,
				C63EE5792E3A5A010017EF96 /* Products */,
			);
			sourceTree = "<group>";
		};
		C63EE5792E3A5A010017EF96 /* Products */ = {
			isa = PBXGroup;
			children = (
				C63EE5782E3A5A010017EF96 /* myFinalProject.app */,
				C6B21EAF2E5B5B8A00FEA428 /* myFinalProjectTests.xctest */,
			);
			name = Products;
			sourceTree = "<group>";
		};
/* End PBXGroup section */

/* Begin PBXNativeTarget section */
		C63EE5772E3A5A010017EF96 /* myFinalProject */ = {
			isa = PBXNativeTarget;
			buildConfigurationList = C63EE5832E3A5A030017EF96 /* Build configuration list for PBXNativeTarget "myFinalProject" */;
			buildPhases = (
				C63EE5742E3A5A010017EF96 /* Sources */,
				C63EE5752E3A5A010017EF96 /* Frameworks */,
				C63EE5762E3A5A010017EF96 /* Resources */,
			);
			buildRules = (
			);
			dependencies = (
			);
			fileSystemSynchronizedGroups = (
				C63EE57A2E3A5A010017EF96 /* myFinalProject */,
			);
			name = myFinalProject;
			packageProductDependencies = (
				C63EE58B2E3A5A930017EF96 /* FirebaseAnalytics */,
				C63EE58D2E3A5A930017EF96 /* FirebaseAnalyticsCore */,
				C63EE58F2E3A5A930017EF96 /* FirebaseAuth */,
				C63EE5912E3A5A930017EF96 /* FirebaseAuthCombine-Community */,
				C63EE5932E3A5A930017EF96 /* FirebaseCore */,
				C63EE5952E3A5A930017EF96 /* FirebaseDatabase */,
				C63EE5972E3A5A930017EF96 /* FirebaseFirestore */,
				C63EE5992E3A5A930017EF96 /* FirebaseStorage */,
				C63EE5ED2E3A5E610017EF96 /* GoogleSignIn */,
				C63EE5EF2E3A5E610017EF96 /* GoogleSignInSwift */,
				C63EE5F22E3A5EAD0017EF96 /* FacebookCore */,
				C63EE5F42E3A5EAD0017EF96 /* FacebookLogin */,
			);
			productName = myFinalProject;
			productReference = C63EE5782E3A5A010017EF96 /* myFinalProject.app */;
			productType = "com.apple.product-type.application";
		};
		C6B21EAE2E5B5B8A00FEA428 /* myFinalProjectTests */ = {
			isa = PBXNativeTarget;
			buildConfigurationList = C6B21EB72E5B5B8A00FEA428 /* Build configuration list for PBXNativeTarget "myFinalProjectTests" */;
			buildPhases = (
				C6B21EAB2E5B5B8A00FEA428 /* Sources */,
				C6B21EAC2E5B5B8A00FEA428 /* Frameworks */,
				C6B21EAD2E5B5B8A00FEA428 /* Resources */,
			);
			buildRules = (
			);
			dependencies = (
				C6B21EB62E5B5B8A00FEA428 /* PBXTargetDependency */,
			);
			fileSystemSynchronizedGroups = (
				C6B21EB02E5B5B8A00FEA428 /* myFinalProjectTests */,
			);
			name = myFinalProjectTests;
			packageProductDependencies = (
			);
			productName = myFinalProjectUITests;
			productReference = C6B21EAF2E5B5B8A00FEA428 /* myFinalProjectTests.xctest */;
			productType = "com.apple.product-type.bundle.ui-testing";
		};
/* End PBXNativeTarget section */

/* Begin PBXProject section */
		C63EE5702E3A5A010017EF96 /* Project object */ = {
			isa = PBXProject;
			attributes = {
				BuildIndependentTargetsInParallel = 1;
				LastSwiftUpdateCheck = 1640;
				LastUpgradeCheck = 1640;
				TargetAttributes = {
					C63EE5772E3A5A010017EF96 = {
						CreatedOnToolsVersion = 16.4;
					};
					C6B21EAE2E5B5B8A00FEA428 = {
						CreatedOnToolsVersion = 16.4;
						TestTargetID = C63EE5772E3A5A010017EF96;
					};
				};
			};
			buildConfigurationList = C63EE5732E3A5A010017EF96 /* Build configuration list for PBXProject "myFinalProject" */;
			developmentRegion = en;
			hasScannedForEncodings = 0;
			knownRegions = (
				en,
				Base,
			);
			mainGroup = C63EE56F2E3A5A010017EF96;
			minimizedProjectReferenceProxies = 1;
			packageReferences = (
				C63EE58A2E3A5A930017EF96 /* XCRemoteSwiftPackageReference "firebase-ios-sdk" */,
				C63EE5EC2E3A5E610017EF96 /* XCRemoteSwiftPackageReference "GoogleSignIn-iOS" */,
				C63EE5F12E3A5EAD0017EF96 /* XCRemoteSwiftPackageReference "facebook-ios-sdk" */,
			);
			preferredProjectObjectVersion = 77;
			productRefGroup = C63EE5792E3A5A010017EF96 /* Products */;
			projectDirPath = "";
			projectRoot = "";
			targets = (
				C63EE5772E3A5A010017EF96 /* myFinalProject */,
				C6B21EAE2E5B5B8A00FEA428 /* myFinalProjectTests */,
			);
		};
/* End PBXProject section */

/* Begin PBXResourcesBuildPhase section */
		C63EE5762E3A5A010017EF96 /* Resources */ = {
			isa = PBXResourcesBuildPhase;
			buildActionMask = 2147483647;
			files = (
			);
			runOnlyForDeploymentPostprocessing = 0;
		};
		C6B21EAD2E5B5B8A00FEA428 /* Resources */ = {
			isa = PBXResourcesBuildPhase;
			buildActionMask = 2147483647;
			files = (
			);
			runOnlyForDeploymentPostprocessing = 0;
		};
/* End PBXResourcesBuildPhase section */

/* Begin PBXSourcesBuildPhase section */
		C63EE5742E3A5A010017EF96 /* Sources */ = {
			isa = PBXSourcesBuildPhase;
			buildActionMask = 2147483647;
			files = (
			);
			runOnlyForDeploymentPostprocessing = 0;
		};
		C6B21EAB2E5B5B8A00FEA428 /* Sources */ = {
			isa = PBXSourcesBuildPhase;
			buildActionMask = 2147483647;
			files = (
			);
			runOnlyForDeploymentPostprocessing = 0;
		};
/* End PBXSourcesBuildPhase section */

/* Begin PBXTargetDependency section */
		C6B21EB62E5B5B8A00FEA428 /* PBXTargetDependency */ = {
			isa = PBXTargetDependency;
			target = C63EE5772E3A5A010017EF96 /* myFinalProject */;
			targetProxy = C6B21EB52E5B5B8A00FEA428 /* PBXContainerItemProxy */;
		};
/* End PBXTargetDependency section */

/* Begin XCBuildConfiguration section */
		C63EE5812E3A5A030017EF96 /* Debug */ = {
			isa = XCBuildConfiguration;
			buildSettings = {
				ALWAYS_SEARCH_USER_PATHS = NO;
				ASSETCATALOG_COMPILER_GENERATE_SWIFT_ASSET_SYMBOL_EXTENSIONS = YES;
				CLANG_ANALYZER_NONNULL = YES;
				CLANG_ANALYZER_NUMBER_OBJECT_CONVERSION = YES_AGGRESSIVE;
				CLANG_CXX_LANGUAGE_STANDARD = "gnu++20";
				CLANG_ENABLE_MODULES = YES;
				CLANG_ENABLE_OBJC_ARC = YES;
				CLANG_ENABLE_OBJC_WEAK = YES;
				CLANG_WARN_BLOCK_CAPTURE_AUTORELEASING = YES;
				CLANG_WARN_BOOL_CONVERSION = YES;
				CLANG_WARN_COMMA = YES;
				CLANG_WARN_CONSTANT_CONVERSION = YES;
				CLANG_WARN_DEPRECATED_OBJC_IMPLEMENTATIONS = YES;
				CLANG_WARN_DIRECT_OBJC_ISA_USAGE = YES_ERROR;
				CLANG_WARN_DOCUMENTATION_COMMENTS = YES;
				CLANG_WARN_EMPTY_BODY = YES;
				CLANG_WARN_ENUM_CONVERSION = YES;
				CLANG_WARN_INFINITE_RECURSION = YES;
				CLANG_WARN_INT_CONVERSION = YES;
				CLANG_WARN_NON_LITERAL_NULL_CONVERSION = YES;
				CLANG_WARN_OBJC_IMPLICIT_RETAIN_SELF = YES;
				CLANG_WARN_OBJC_LITERAL_CONVERSION = YES;
				CLANG_WARN_OBJC_ROOT_CLASS = YES_ERROR;
				CLANG_WARN_QUOTED_INCLUDE_IN_FRAMEWORK_HEADER = YES;
				CLANG_WARN_RANGE_LOOP_ANALYSIS = YES;
				CLANG_WARN_STRICT_PROTOTYPES = YES;
				CLANG_WARN_SUSPICIOUS_MOVE = YES;
				CLANG_WARN_UNGUARDED_AVAILABILITY = YES_AGGRESSIVE;
				CLANG_WARN_UNREACHABLE_CODE = YES;
				CLANG_WARN__DUPLICATE_METHOD_MATCH = YES;
				COPY_PHASE_STRIP = NO;
				DEBUG_INFORMATION_FORMAT = dwarf;
				ENABLE_STRICT_OBJC_MSGSEND = YES;
				ENABLE_TESTABILITY = YES;
				ENABLE_USER_SCRIPT_SANDBOXING = YES;
				GCC_C_LANGUAGE_STANDARD = gnu17;
				GCC_DYNAMIC_NO_PIC = NO;
				GCC_NO_COMMON_BLOCKS = YES;
				GCC_OPTIMIZATION_LEVEL = 0;
				GCC_PREPROCESSOR_DEFINITIONS = (
					"DEBUG=1",
					"$(inherited)",
				);
				GCC_WARN_64_TO_32_BIT_CONVERSION = YES;
				GCC_WARN_ABOUT_RETURN_TYPE = YES_ERROR;
				GCC_WARN_UNDECLARED_SELECTOR = YES;
				GCC_WARN_UNINITIALIZED_AUTOS = YES_AGGRESSIVE;
				GCC_WARN_UNUSED_FUNCTION = YES;
				GCC_WARN_UNUSED_VARIABLE = YES;
				IPHONEOS_DEPLOYMENT_TARGET = 18.5;
				LOCALIZATION_PREFERS_STRING_CATALOGS = YES;
				MTL_ENABLE_DEBUG_INFO = INCLUDE_SOURCE;
				MTL_FAST_MATH = YES;
				ONLY_ACTIVE_ARCH = YES;
				SDKROOT = iphoneos;
				SWIFT_ACTIVE_COMPILATION_CONDITIONS = "DEBUG $(inherited)";
				SWIFT_OPTIMIZATION_LEVEL = "-Onone";
			};
			name = Debug;
		};
		C63EE5822E3A5A030017EF96 /* Release */ = {
			isa = XCBuildConfiguration;
			buildSettings = {
				ALWAYS_SEARCH_USER_PATHS = NO;
				ASSETCATALOG_COMPILER_GENERATE_SWIFT_ASSET_SYMBOL_EXTENSIONS = YES;
				CLANG_ANALYZER_NONNULL = YES;
				CLANG_ANALYZER_NUMBER_OBJECT_CONVERSION = YES_AGGRESSIVE;
				CLANG_CXX_LANGUAGE_STANDARD = "gnu++20";
				CLANG_ENABLE_MODULES = YES;
				CLANG_ENABLE_OBJC_ARC = YES;
				CLANG_ENABLE_OBJC_WEAK = YES;
				CLANG_WARN_BLOCK_CAPTURE_AUTORELEASING = YES;
				CLANG_WARN_BOOL_CONVERSION = YES;
				CLANG_WARN_COMMA = YES;
				CLANG_WARN_CONSTANT_CONVERSION = YES;
				CLANG_WARN_DEPRECATED_OBJC_IMPLEMENTATIONS = YES;
				CLANG_WARN_DIRECT_OBJC_ISA_USAGE = YES_ERROR;
				CLANG_WARN_DOCUMENTATION_COMMENTS = YES;
				CLANG_WARN_EMPTY_BODY = YES;
				CLANG_WARN_ENUM_CONVERSION = YES;
				CLANG_WARN_INFINITE_RECURSION = YES;
				CLANG_WARN_INT_CONVERSION = YES;
				CLANG_WARN_NON_LITERAL_NULL_CONVERSION = YES;
				CLANG_WARN_OBJC_IMPLICIT_RETAIN_SELF = YES;
				CLANG_WARN_OBJC_LITERAL_CONVERSION = YES;
				CLANG_WARN_OBJC_ROOT_CLASS = YES_ERROR;
				CLANG_WARN_QUOTED_INCLUDE_IN_FRAMEWORK_HEADER = YES;
				CLANG_WARN_RANGE_LOOP_ANALYSIS = YES;
				CLANG_WARN_STRICT_PROTOTYPES = YES;
				CLANG_WARN_SUSPICIOUS_MOVE = YES;
				CLANG_WARN_UNGUARDED_AVAILABILITY = YES_AGGRESSIVE;
				CLANG_WARN_UNREACHABLE_CODE = YES;
				CLANG_WARN__DUPLICATE_METHOD_MATCH = YES;
				COPY_PHASE_STRIP = NO;
				DEBUG_INFORMATION_FORMAT = "dwarf-with-dsym";
				ENABLE_NS_ASSERTIONS = NO;
				ENABLE_STRICT_OBJC_MSGSEND = YES;
				ENABLE_USER_SCRIPT_SANDBOXING = YES;
				GCC_C_LANGUAGE_STANDARD = gnu17;
				GCC_NO_COMMON_BLOCKS = YES;
				GCC_WARN_64_TO_32_BIT_CONVERSION = YES;
				GCC_WARN_ABOUT_RETURN_TYPE = YES_ERROR;
				GCC_WARN_UNDECLARED_SELECTOR = YES;
				GCC_WARN_UNINITIALIZED_AUTOS = YES_AGGRESSIVE;
				GCC_WARN_UNUSED_FUNCTION = YES;
				GCC_WARN_UNUSED_VARIABLE = YES;
				IPHONEOS_DEPLOYMENT_TARGET = 18.5;
				LOCALIZATION_PREFERS_STRING_CATALOGS = YES;
				MTL_ENABLE_DEBUG_INFO = NO;
				MTL_FAST_MATH = YES;
				SDKROOT = iphoneos;
				SWIFT_COMPILATION_MODE = wholemodule;
				VALIDATE_PRODUCT = YES;
			};
			name = Release;
		};
		C63EE5842E3A5A030017EF96 /* Debug */ = {
			isa = XCBuildConfiguration;
			buildSettings = {
				ASSETCATALOG_COMPILER_APPICON_NAME = AppIcon;
				ASSETCATALOG_COMPILER_GLOBAL_ACCENT_COLOR_NAME = AccentColor;
				CODE_SIGN_STYLE = Automatic;
				CURRENT_PROJECT_VERSION = 1;
				ENABLE_PREVIEWS = YES;
				GENERATE_INFOPLIST_FILE = YES;
				INFOPLIST_FILE = myFinalProject/Info.plist;
				INFOPLIST_KEY_UIApplicationSceneManifest_Generation = YES;
				INFOPLIST_KEY_UIApplicationSupportsIndirectInputEvents = YES;
				INFOPLIST_KEY_UILaunchScreen_Generation = YES;
				INFOPLIST_KEY_UISupportedInterfaceOrientations_iPad = "UIInterfaceOrientationPortrait UIInterfaceOrientationPortraitUpsideDown UIInterfaceOrientationLandscapeLeft UIInterfaceOrientationLandscapeRight";
				INFOPLIST_KEY_UISupportedInterfaceOrientations_iPhone = "UIInterfaceOrientationPortrait UIInterfaceOrientationLandscapeLeft UIInterfaceOrientationLandscapeRight";
				LD_RUNPATH_SEARCH_PATHS = (
					"$(inherited)",
					"@executable_path/Frameworks",
				);
				MARKETING_VERSION = 1.0;
				PRODUCT_BUNDLE_IDENTIFIER = w21151512.wmin.ac.uk.myFinalProject;
				PRODUCT_NAME = "$(TARGET_NAME)";
				SWIFT_EMIT_LOC_STRINGS = YES;
				SWIFT_VERSION = 5.0;
				TARGETED_DEVICE_FAMILY = "1,2";
			};
			name = Debug;
		};
		C63EE5852E3A5A030017EF96 /* Release */ = {
			isa = XCBuildConfiguration;
			buildSettings = {
				ASSETCATALOG_COMPILER_APPICON_NAME = AppIcon;
				ASSETCATALOG_COMPILER_GLOBAL_ACCENT_COLOR_NAME = AccentColor;
				CODE_SIGN_STYLE = Automatic;
				CURRENT_PROJECT_VERSION = 1;
				ENABLE_PREVIEWS = YES;
				GENERATE_INFOPLIST_FILE = YES;
				INFOPLIST_FILE = myFinalProject/Info.plist;
				INFOPLIST_KEY_UIApplicationSceneManifest_Generation = YES;
				INFOPLIST_KEY_UIApplicationSupportsIndirectInputEvents = YES;
				INFOPLIST_KEY_UILaunchScreen_Generation = YES;
				INFOPLIST_KEY_UISupportedInterfaceOrientations_iPad = "UIInterfaceOrientationPortrait UIInterfaceOrientationPortraitUpsideDown UIInterfaceOrientationLandscapeLeft UIInterfaceOrientationLandscapeRight";
				INFOPLIST_KEY_UISupportedInterfaceOrientations_iPhone = "UIInterfaceOrientationPortrait UIInterfaceOrientationLandscapeLeft UIInterfaceOrientationLandscapeRight";
				LD_RUNPATH_SEARCH_PATHS = (
					"$(inherited)",
					"@executable_path/Frameworks",
				);
				MARKETING_VERSION = 1.0;
				PRODUCT_BUNDLE_IDENTIFIER = w21151512.wmin.ac.uk.myFinalProject;
				PRODUCT_NAME = "$(TARGET_NAME)";
				SWIFT_EMIT_LOC_STRINGS = YES;
				SWIFT_VERSION = 5.0;
				TARGETED_DEVICE_FAMILY = "1,2";
			};
			name = Release;
		};
		C6B21EB82E5B5B8A00FEA428 /* Debug */ = {
			isa = XCBuildConfiguration;
			buildSettings = {
				CODE_SIGN_STYLE = Automatic;
				CURRENT_PROJECT_VERSION = 1;
				GENERATE_INFOPLIST_FILE = YES;
				MARKETING_VERSION = 1.0;
				PRODUCT_BUNDLE_IDENTIFIER = w21151512.wmin.ac.uk.myFinalProjectUITests;
				PRODUCT_NAME = "$(TARGET_NAME)";
				SWIFT_EMIT_LOC_STRINGS = NO;
				SWIFT_VERSION = 5.0;
				TARGETED_DEVICE_FAMILY = "1,2";
				TEST_TARGET_NAME = myFinalProject;
			};
			name = Debug;
		};
		C6B21EB92E5B5B8A00FEA428 /* Release */ = {
			isa = XCBuildConfiguration;
			buildSettings = {
				CODE_SIGN_STYLE = Automatic;
				CURRENT_PROJECT_VERSION = 1;
				GENERATE_INFOPLIST_FILE = YES;
				MARKETING_VERSION = 1.0;
				PRODUCT_BUNDLE_IDENTIFIER = w21151512.wmin.ac.uk.myFinalProjectUITests;
				PRODUCT_NAME = "$(TARGET_NAME)";
				SWIFT_EMIT_LOC_STRINGS = NO;
				SWIFT_VERSION = 5.0;
				TARGETED_DEVICE_FAMILY = "1,2";
				TEST_TARGET_NAME = myFinalProject;
			};
			name = Release;
		};
/* End XCBuildConfiguration section */

/* Begin XCConfigurationList section */
		C63EE5732E3A5A010017EF96 /* Build configuration list for PBXProject "myFinalProject" */ = {
			isa = XCConfigurationList;
			buildConfigurations = (
				C63EE5812E3A5A030017EF96 /* Debug */,
				C63EE5822E3A5A030017EF96 /* Release */,
			);
			defaultConfigurationIsVisible = 0;
			defaultConfigurationName = Release;
		};
		C63EE5832E3A5A030017EF96 /* Build configuration list for PBXNativeTarget "myFinalProject" */ = {
			isa = XCConfigurationList;
			buildConfigurations = (
				C63EE5842E3A5A030017EF96 /* Debug */,
				C63EE5852E3A5A030017EF96 /* Release */,
			);
			defaultConfigurationIsVisible = 0;
			defaultConfigurationName = Release;
		};
		C6B21EB72E5B5B8A00FEA428 /* Build configuration list for PBXNativeTarget "myFinalProjectTests" */ = {
			isa = XCConfigurationList;
			buildConfigurations = (
				C6B21EB82E5B5B8A00FEA428 /* Debug */,
				C6B21EB92E5B5B8A00FEA428 /* Release */,
			);
			defaultConfigurationIsVisible = 0;
			defaultConfigurationName = Release;
		};
/* End XCConfigurationList section */

/* Begin XCRemoteSwiftPackageReference section */
		C63EE58A2E3A5A930017EF96 /* XCRemoteSwiftPackageReference "firebase-ios-sdk" */ = {
			isa = XCRemoteSwiftPackageReference;
			repositoryURL = "https://github.com/firebase/firebase-ios-sdk.git";
			requirement = {
				kind = upToNextMajorVersion;
				minimumVersion = 12.0.0;
			};
		};
		C63EE5EC2E3A5E610017EF96 /* XCRemoteSwiftPackageReference "GoogleSignIn-iOS" */ = {
			isa = XCRemoteSwiftPackageReference;
			repositoryURL = "https://github.com/google/GoogleSignIn-iOS";
			requirement = {
				kind = upToNextMajorVersion;
				minimumVersion = 9.0.0;
			};
		};
		C63EE5F12E3A5EAD0017EF96 /* XCRemoteSwiftPackageReference "facebook-ios-sdk" */ = {
			isa = XCRemoteSwiftPackageReference;
			repositoryURL = "https://github.com/facebook/facebook-ios-sdk";
			requirement = {
				kind = upToNextMajorVersion;
				minimumVersion = 14.1.0;
			};
		};
/* End XCRemoteSwiftPackageReference section */

/* Begin XCSwiftPackageProductDependency section */
		C63EE58B2E3A5A930017EF96 /* FirebaseAnalytics */ = {
			isa = XCSwiftPackageProductDependency;
			package = C63EE58A2E3A5A930017EF96 /* XCRemoteSwiftPackageReference "firebase-ios-sdk" */;
			productName = FirebaseAnalytics;
		};
		C63EE58D2E3A5A930017EF96 /* FirebaseAnalyticsCore */ = {
			isa = XCSwiftPackageProductDependency;
			package = C63EE58A2E3A5A930017EF96 /* XCRemoteSwiftPackageReference "firebase-ios-sdk" */;
			productName = FirebaseAnalyticsCore;
		};
		C63EE58F2E3A5A930017EF96 /* FirebaseAuth */ = {
			isa = XCSwiftPackageProductDependency;
			package = C63EE58A2E3A5A930017EF96 /* XCRemoteSwiftPackageReference "firebase-ios-sdk" */;
			productName = FirebaseAuth;
		};
		C63EE5912E3A5A930017EF96 /* FirebaseAuthCombine-Community */ = {
			isa = XCSwiftPackageProductDependency;
			package = C63EE58A2E3A5A930017EF96 /* XCRemoteSwiftPackageReference "firebase-ios-sdk" */;
			productName = "FirebaseAuthCombine-Community";
		};
		C63EE5932E3A5A930017EF96 /* FirebaseCore */ = {
			isa = XCSwiftPackageProductDependency;
			package = C63EE58A2E3A5A930017EF96 /* XCRemoteSwiftPackageReference "firebase-ios-sdk" */;
			productName = FirebaseCore;
		};
		C63EE5952E3A5A930017EF96 /* FirebaseDatabase */ = {
			isa = XCSwiftPackageProductDependency;
			package = C63EE58A2E3A5A930017EF96 /* XCRemoteSwiftPackageReference "firebase-ios-sdk" */;
			productName = FirebaseDatabase;
		};
		C63EE5972E3A5A930017EF96 /* FirebaseFirestore */ = {
			isa = XCSwiftPackageProductDependency;
			package = C63EE58A2E3A5A930017EF96 /* XCRemoteSwiftPackageReference "firebase-ios-sdk" */;
			productName = FirebaseFirestore;
		};
		C63EE5992E3A5A930017EF96 /* FirebaseStorage */ = {
			isa = XCSwiftPackageProductDependency;
			package = C63EE58A2E3A5A930017EF96 /* XCRemoteSwiftPackageReference "firebase-ios-sdk" */;
			productName = FirebaseStorage;
		};
		C63EE5ED2E3A5E610017EF96 /* GoogleSignIn */ = {
			isa = XCSwiftPackageProductDependency;
			package = C63EE5EC2E3A5E610017EF96 /* XCRemoteSwiftPackageReference "GoogleSignIn-iOS" */;
			productName = GoogleSignIn;
		};
		C63EE5EF2E3A5E610017EF96 /* GoogleSignInSwift */ = {
			isa = XCSwiftPackageProductDependency;
			package = C63EE5EC2E3A5E610017EF96 /* XCRemoteSwiftPackageReference "GoogleSignIn-iOS" */;
			productName = GoogleSignInSwift;
		};
		C63EE5F22E3A5EAD0017EF96 /* FacebookCore */ = {
			isa = XCSwiftPackageProductDependency;
			package = C63EE5F12E3A5EAD0017EF96 /* XCRemoteSwiftPackageReference "facebook-ios-sdk" */;
			productName = FacebookCore;
		};
		C63EE5F42E3A5EAD0017EF96 /* FacebookLogin */ = {
			isa = XCSwiftPackageProductDependency;
			package = C63EE5F12E3A5EAD0017EF96 /* XCRemoteSwiftPackageReference "facebook-ios-sdk" */;
			productName = FacebookLogin;
		};
/* End XCSwiftPackageProductDependency section */
	};
	rootObject = C63EE5702E3A5A010017EF96 /* Project object */;
}
